// !$*UTF8*$!
{
	archiveVersion = 1;
	classes = {
	};
	objectVersion = 50;
	objects = {

/* Begin PBXBuildFile section */
		6346BC0220AF6D5B008D1B15 /* AppDelegate.swift in Sources */ = {isa = PBXBuildFile; fileRef = 6346BC0120AF6D5B008D1B15 /* AppDelegate.swift */; };
		6346BC0420AF6D5B008D1B15 /* ViewController.swift in Sources */ = {isa = PBXBuildFile; fileRef = 6346BC0320AF6D5B008D1B15 /* ViewController.swift */; };
		6346BC0720AF6D5B008D1B15 /* Main.storyboard in Resources */ = {isa = PBXBuildFile; fileRef = 6346BC0520AF6D5B008D1B15 /* Main.storyboard */; };
		6346BC0920AF6D5C008D1B15 /* Assets.xcassets in Resources */ = {isa = PBXBuildFile; fileRef = 6346BC0820AF6D5C008D1B15 /* Assets.xcassets */; };
		6346BC0C20AF6D5C008D1B15 /* LaunchScreen.storyboard in Resources */ = {isa = PBXBuildFile; fileRef = 6346BC0A20AF6D5C008D1B15 /* LaunchScreen.storyboard */; };
		636388C420B4B1880012235E /* Media.swift in Sources */ = {isa = PBXBuildFile; fileRef = 636388C320B4B1880012235E /* Media.swift */; };
		636388C620B4B1A50012235E /* User.swift in Sources */ = {isa = PBXBuildFile; fileRef = 636388C520B4B1A50012235E /* User.swift */; };
		636388C820B4B1AE0012235E /* Company.swift in Sources */ = {isa = PBXBuildFile; fileRef = 636388C720B4B1AE0012235E /* Company.swift */; };
		636388CA20B4B27D0012235E /* Address.swift in Sources */ = {isa = PBXBuildFile; fileRef = 636388C920B4B27D0012235E /* Address.swift */; };
		636388CE20B4B39A0012235E /* ViewController+URLSessionDelegate.swift in Sources */ = {isa = PBXBuildFile; fileRef = 636388CD20B4B39A0012235E /* ViewController+URLSessionDelegate.swift */; };
		639C659F20B1FDAE00624216 /* AlamofireViewController.swift in Sources */ = {isa = PBXBuildFile; fileRef = 639C659E20B1FDAE00624216 /* AlamofireViewController.swift */; };
		639C65A120B36B4200624216 /* AFAPIClient.swift in Sources */ = {isa = PBXBuildFile; fileRef = 639C65A020B36B4200624216 /* AFAPIClient.swift */; };
		639C65A320B36B6E00624216 /* MediaUploadRequest.swift in Sources */ = {isa = PBXBuildFile; fileRef = 639C65A220B36B6E00624216 /* MediaUploadRequest.swift */; };
		639C65A720B36BD800624216 /* Photo.swift in Sources */ = {isa = PBXBuildFile; fileRef = 639C65A620B36BD800624216 /* Photo.swift */; };
		639C65A920B36BF700624216 /* ImgurResponse.swift in Sources */ = {isa = PBXBuildFile; fileRef = 639C65A820B36BF700624216 /* ImgurResponse.swift */; };
		639C65AB20B36C1F00624216 /* NetworkError.swift in Sources */ = {isa = PBXBuildFile; fileRef = 639C65AA20B36C1F00624216 /* NetworkError.swift */; };
		639C65AE20B36C7100624216 /* HTTPRequestRepresentable.swift in Sources */ = {isa = PBXBuildFile; fileRef = 639C65AD20B36C7100624216 /* HTTPRequestRepresentable.swift */; };
		86253B2A2AE656CFB640CEE2 /* Pods_URLSession_MultipartFD.framework in Frameworks */ = {isa = PBXBuildFile; fileRef = 0E9F9C80E23A0ED06EA96AFC /* Pods_URLSession_MultipartFD.framework */; };
/* End PBXBuildFile section */

/* Begin PBXFileReference section */
		0E9F9C80E23A0ED06EA96AFC /* Pods_URLSession_MultipartFD.framework */ = {isa = PBXFileReference; explicitFileType = wrapper.framework; includeInIndex = 0; path = Pods_URLSession_MultipartFD.framework; sourceTree = BUILT_PRODUCTS_DIR; };
		49ED1F4E0C26428C6419A939 /* Pods-URLSession:MultipartFD.release.xcconfig */ = {isa = PBXFileReference; includeInIndex = 1; lastKnownFileType = text.xcconfig; name = "Pods-URLSession:MultipartFD.release.xcconfig"; path = "Pods/Target Support Files/Pods-URLSession:MultipartFD/Pods-URLSession:MultipartFD.release.xcconfig"; sourceTree = "<group>"; };
		6346BBFE20AF6D5B008D1B15 /* URLSession:MultipartFD.app */ = {isa = PBXFileReference; explicitFileType = wrapper.application; includeInIndex = 0; path = "URLSession:MultipartFD.app"; sourceTree = BUILT_PRODUCTS_DIR; };
		6346BC0120AF6D5B008D1B15 /* AppDelegate.swift */ = {isa = PBXFileReference; lastKnownFileType = sourcecode.swift; path = AppDelegate.swift; sourceTree = "<group>"; };
		6346BC0320AF6D5B008D1B15 /* ViewController.swift */ = {isa = PBXFileReference; lastKnownFileType = sourcecode.swift; path = ViewController.swift; sourceTree = "<group>"; };
		6346BC0620AF6D5B008D1B15 /* Base */ = {isa = PBXFileReference; lastKnownFileType = file.storyboard; name = Base; path = Base.lproj/Main.storyboard; sourceTree = "<group>"; };
		6346BC0820AF6D5C008D1B15 /* Assets.xcassets */ = {isa = PBXFileReference; lastKnownFileType = folder.assetcatalog; path = Assets.xcassets; sourceTree = "<group>"; };
		6346BC0B20AF6D5C008D1B15 /* Base */ = {isa = PBXFileReference; lastKnownFileType = file.storyboard; name = Base; path = Base.lproj/LaunchScreen.storyboard; sourceTree = "<group>"; };
		6346BC0D20AF6D5C008D1B15 /* Info.plist */ = {isa = PBXFileReference; lastKnownFileType = text.plist.xml; path = Info.plist; sourceTree = "<group>"; };
		636388C320B4B1880012235E /* Media.swift */ = {isa = PBXFileReference; lastKnownFileType = sourcecode.swift; path = Media.swift; sourceTree = "<group>"; };
		636388C520B4B1A50012235E /* User.swift */ = {isa = PBXFileReference; lastKnownFileType = sourcecode.swift; path = User.swift; sourceTree = "<group>"; };
		636388C720B4B1AE0012235E /* Company.swift */ = {isa = PBXFileReference; lastKnownFileType = sourcecode.swift; path = Company.swift; sourceTree = "<group>"; };
		636388C920B4B27D0012235E /* Address.swift */ = {isa = PBXFileReference; lastKnownFileType = sourcecode.swift; path = Address.swift; sourceTree = "<group>"; };
		636388CD20B4B39A0012235E /* ViewController+URLSessionDelegate.swift */ = {isa = PBXFileReference; lastKnownFileType = sourcecode.swift; path = "ViewController+URLSessionDelegate.swift"; sourceTree = "<group>"; };
		639C659E20B1FDAE00624216 /* AlamofireViewController.swift */ = {isa = PBXFileReference; lastKnownFileType = sourcecode.swift; path = AlamofireViewController.swift; sourceTree = "<group>"; };
		639C65A020B36B4200624216 /* AFAPIClient.swift */ = {isa = PBXFileReference; lastKnownFileType = sourcecode.swift; path = AFAPIClient.swift; sourceTree = "<group>"; };
		639C65A220B36B6E00624216 /* MediaUploadRequest.swift */ = {isa = PBXFileReference; lastKnownFileType = sourcecode.swift; path = MediaUploadRequest.swift; sourceTree = "<group>"; };
		639C65A620B36BD800624216 /* Photo.swift */ = {isa = PBXFileReference; lastKnownFileType = sourcecode.swift; path = Photo.swift; sourceTree = "<group>"; };
		639C65A820B36BF700624216 /* ImgurResponse.swift */ = {isa = PBXFileReference; lastKnownFileType = sourcecode.swift; path = ImgurResponse.swift; sourceTree = "<group>"; };
		639C65AA20B36C1F00624216 /* NetworkError.swift */ = {isa = PBXFileReference; lastKnownFileType = sourcecode.swift; path = NetworkError.swift; sourceTree = "<group>"; };
		639C65AD20B36C7100624216 /* HTTPRequestRepresentable.swift */ = {isa = PBXFileReference; lastKnownFileType = sourcecode.swift; path = HTTPRequestRepresentable.swift; sourceTree = "<group>"; };
		684AD1E848F6020552FDBD3D /* Pods-URLSession:MultipartFD.debug.xcconfig */ = {isa = PBXFileReference; includeInIndex = 1; lastKnownFileType = text.xcconfig; name = "Pods-URLSession:MultipartFD.debug.xcconfig"; path = "Pods/Target Support Files/Pods-URLSession:MultipartFD/Pods-URLSession:MultipartFD.debug.xcconfig"; sourceTree = "<group>"; };
/* End PBXFileReference section */

/* Begin PBXFrameworksBuildPhase section */
		6346BBFB20AF6D5A008D1B15 /* Frameworks */ = {
			isa = PBXFrameworksBuildPhase;
			buildActionMask = 2147483647;
			files = (
				86253B2A2AE656CFB640CEE2 /* Pods_URLSession_MultipartFD.framework in Frameworks */,
			);
			runOnlyForDeploymentPostprocessing = 0;
		};
/* End PBXFrameworksBuildPhase section */

/* Begin PBXGroup section */
		14455BC170D26DBEF7F3A688 /* Pods */ = {
			isa = PBXGroup;
			children = (
				684AD1E848F6020552FDBD3D /* Pods-URLSession:MultipartFD.debug.xcconfig */,
				49ED1F4E0C26428C6419A939 /* Pods-URLSession:MultipartFD.release.xcconfig */,
			);
			name = Pods;
			sourceTree = "<group>";
		};
		46C06615329E287BB1ACCAE1 /* Frameworks */ = {
			isa = PBXGroup;
			children = (
				0E9F9C80E23A0ED06EA96AFC /* Pods_URLSession_MultipartFD.framework */,
			);
			name = Frameworks;
			sourceTree = "<group>";
		};
		6346BBF520AF6D5A008D1B15 = {
			isa = PBXGroup;
			children = (
				6346BC0020AF6D5B008D1B15 /* URLSession:MultipartFD */,
				6346BBFF20AF6D5B008D1B15 /* Products */,
				14455BC170D26DBEF7F3A688 /* Pods */,
				46C06615329E287BB1ACCAE1 /* Frameworks */,
			);
			sourceTree = "<group>";
		};
		6346BBFF20AF6D5B008D1B15 /* Products */ = {
			isa = PBXGroup;
			children = (
				6346BBFE20AF6D5B008D1B15 /* URLSession:MultipartFD.app */,
			);
			name = Products;
			sourceTree = "<group>";
		};
		6346BC0020AF6D5B008D1B15 /* URLSession:MultipartFD */ = {
			isa = PBXGroup;
			children = (
				6346BC0120AF6D5B008D1B15 /* AppDelegate.swift */,
				636388CC20B4B33C0012235E /* URLSession */,
				636388C220B4B1600012235E /* Alamofire */,
				6346BC0520AF6D5B008D1B15 /* Main.storyboard */,
				6346BC0820AF6D5C008D1B15 /* Assets.xcassets */,
				6346BC0A20AF6D5C008D1B15 /* LaunchScreen.storyboard */,
				6346BC0D20AF6D5C008D1B15 /* Info.plist */,
			);
			path = "URLSession:MultipartFD";
			sourceTree = "<group>";
		};
		636388C220B4B1600012235E /* Alamofire */ = {
			isa = PBXGroup;
			children = (
				639C659E20B1FDAE00624216 /* AlamofireViewController.swift */,
				639C65A820B36BF700624216 /* ImgurResponse.swift */,
				639C65AD20B36C7100624216 /* HTTPRequestRepresentable.swift */,
				639C65A020B36B4200624216 /* AFAPIClient.swift */,
				639C65A220B36B6E00624216 /* MediaUploadRequest.swift */,
				639C65AA20B36C1F00624216 /* NetworkError.swift */,
				639C65AC20B36C4C00624216 /* Model */,
			);
			path = Alamofire;
			sourceTree = "<group>";
		};
		636388CB20B4B2F00012235E /* Model */ = {
			isa = PBXGroup;
			children = (
				636388C520B4B1A50012235E /* User.swift */,
				636388C720B4B1AE0012235E /* Company.swift */,
				636388C920B4B27D0012235E /* Address.swift */,
				636388C320B4B1880012235E /* Media.swift */,
			);
			path = Model;
			sourceTree = "<group>";
		};
		636388CC20B4B33C0012235E /* URLSession */ = {
			isa = PBXGroup;
			children = (
				6346BC0320AF6D5B008D1B15 /* ViewController.swift */,
				636388CD20B4B39A0012235E /* ViewController+URLSessionDelegate.swift */,
				636388CB20B4B2F00012235E /* Model */,
			);
			path = URLSession;
			sourceTree = "<group>";
		};
		639C65AC20B36C4C00624216 /* Model */ = {
			isa = PBXGroup;
			children = (
				639C65A620B36BD800624216 /* Photo.swift */,
			);
			path = Model;
			sourceTree = "<group>";
		};
/* End PBXGroup section */

/* Begin PBXNativeTarget section */
		6346BBFD20AF6D5A008D1B15 /* URLSession:MultipartFD */ = {
			isa = PBXNativeTarget;
			buildConfigurationList = 6346BC1020AF6D5C008D1B15 /* Build configuration list for PBXNativeTarget "URLSession:MultipartFD" */;
			buildPhases = (
				F2026963599F92A42D940149 /* [CP] Check Pods Manifest.lock */,
				6346BBFA20AF6D5A008D1B15 /* Sources */,
				6346BBFB20AF6D5A008D1B15 /* Frameworks */,
				6346BBFC20AF6D5A008D1B15 /* Resources */,
				EB7F33EB3211CE8AA0F46697 /* [CP] Embed Pods Frameworks */,
			);
			buildRules = (
			);
			dependencies = (
			);
			name = "URLSession:MultipartFD";
			productName = "URLSession:MultipartFD";
			productReference = 6346BBFE20AF6D5B008D1B15 /* URLSession:MultipartFD.app */;
			productType = "com.apple.product-type.application";
		};
/* End PBXNativeTarget section */

/* Begin PBXProject section */
		6346BBF620AF6D5A008D1B15 /* Project object */ = {
			isa = PBXProject;
			attributes = {
				LastSwiftUpdateCheck = 0930;
				LastUpgradeCheck = 0930;
				ORGANIZATIONNAME = David;
				TargetAttributes = {
					6346BBFD20AF6D5A008D1B15 = {
						CreatedOnToolsVersion = 9.3.1;
					};
				};
			};
			buildConfigurationList = 6346BBF920AF6D5A008D1B15 /* Build configuration list for PBXProject "URLSession:MultipartFD" */;
			compatibilityVersion = "Xcode 9.3";
			developmentRegion = en;
			hasScannedForEncodings = 0;
			knownRegions = (
				en,
				Base,
			);
			mainGroup = 6346BBF520AF6D5A008D1B15;
			productRefGroup = 6346BBFF20AF6D5B008D1B15 /* Products */;
			projectDirPath = "";
			projectRoot = "";
			targets = (
				6346BBFD20AF6D5A008D1B15 /* URLSession:MultipartFD */,
			);
		};
/* End PBXProject section */

/* Begin PBXResourcesBuildPhase section */
		6346BBFC20AF6D5A008D1B15 /* Resources */ = {
			isa = PBXResourcesBuildPhase;
			buildActionMask = 2147483647;
			files = (
				6346BC0C20AF6D5C008D1B15 /* LaunchScreen.storyboard in Resources */,
				6346BC0920AF6D5C008D1B15 /* Assets.xcassets in Resources */,
				6346BC0720AF6D5B008D1B15 /* Main.storyboard in Resources */,
			);
			runOnlyForDeploymentPostprocessing = 0;
		};
/* End PBXResourcesBuildPhase section */

/* Begin PBXShellScriptBuildPhase section */
		EB7F33EB3211CE8AA0F46697 /* [CP] Embed Pods Frameworks */ = {
			isa = PBXShellScriptBuildPhase;
			buildActionMask = 2147483647;
			files = (
			);
			inputPaths = (
				"${SRCROOT}/Pods/Target Support Files/Pods-URLSession:MultipartFD/Pods-URLSession:MultipartFD-frameworks.sh",
				"${BUILT_PRODUCTS_DIR}/Alamofire/Alamofire.framework",
				"${BUILT_PRODUCTS_DIR}/RxCocoa/RxCocoa.framework",
				"${BUILT_PRODUCTS_DIR}/RxSwift/RxSwift.framework",
			);
			name = "[CP] Embed Pods Frameworks";
			outputPaths = (
				"${TARGET_BUILD_DIR}/${FRAMEWORKS_FOLDER_PATH}/Alamofire.framework",
				"${TARGET_BUILD_DIR}/${FRAMEWORKS_FOLDER_PATH}/RxCocoa.framework",
				"${TARGET_BUILD_DIR}/${FRAMEWORKS_FOLDER_PATH}/RxSwift.framework",
			);
			runOnlyForDeploymentPostprocessing = 0;
			shellPath = /bin/sh;
			shellScript = "\"${SRCROOT}/Pods/Target Support Files/Pods-URLSession:MultipartFD/Pods-URLSession:MultipartFD-frameworks.sh\"\n";
			showEnvVarsInLog = 0;
		};
		F2026963599F92A42D940149 /* [CP] Check Pods Manifest.lock */ = {
			isa = PBXShellScriptBuildPhase;
			buildActionMask = 2147483647;
			files = (
			);
			inputPaths = (
				"${PODS_PODFILE_DIR_PATH}/Podfile.lock",
				"${PODS_ROOT}/Manifest.lock",
			);
			name = "[CP] Check Pods Manifest.lock";
			outputPaths = (
				"$(DERIVED_FILE_DIR)/Pods-URLSession:MultipartFD-checkManifestLockResult.txt",
			);
			runOnlyForDeploymentPostprocessing = 0;
			shellPath = /bin/sh;
			shellScript = "diff \"${PODS_PODFILE_DIR_PATH}/Podfile.lock\" \"${PODS_ROOT}/Manifest.lock\" > /dev/null\nif [ $? != 0 ] ; then\n    # print error to STDERR\n    echo \"error: The sandbox is not in sync with the Podfile.lock. Run 'pod install' or update your CocoaPods installation.\" >&2\n    exit 1\nfi\n# This output is used by Xcode 'outputs' to avoid re-running this script phase.\necho \"SUCCESS\" > \"${SCRIPT_OUTPUT_FILE_0}\"\n";
			showEnvVarsInLog = 0;
		};
/* End PBXShellScriptBuildPhase section */

/* Begin PBXSourcesBuildPhase section */
		6346BBFA20AF6D5A008D1B15 /* Sources */ = {
			isa = PBXSourcesBuildPhase;
			buildActionMask = 2147483647;
			files = (
				639C65A920B36BF700624216 /* ImgurResponse.swift in Sources */,
				639C65AB20B36C1F00624216 /* NetworkError.swift in Sources */,
				636388CA20B4B27D0012235E /* Address.swift in Sources */,
				639C65A720B36BD800624216 /* Photo.swift in Sources */,
				636388CE20B4B39A0012235E /* ViewController+URLSessionDelegate.swift in Sources */,
				6346BC0420AF6D5B008D1B15 /* ViewController.swift in Sources */,
				636388C420B4B1880012235E /* Media.swift in Sources */,
				639C659F20B1FDAE00624216 /* AlamofireViewController.swift in Sources */,
				639C65AE20B36C7100624216 /* HTTPRequestRepresentable.swift in Sources */,
				639C65A320B36B6E00624216 /* MediaUploadRequest.swift in Sources */,
				6346BC0220AF6D5B008D1B15 /* AppDelegate.swift in Sources */,
				639C65A120B36B4200624216 /* AFAPIClient.swift in Sources */,
				636388C620B4B1A50012235E /* User.swift in Sources */,
				636388C820B4B1AE0012235E /* Company.swift in Sources */,
			);
			runOnlyForDeploymentPostprocessing = 0;
		};
/* End PBXSourcesBuildPhase section */

/* Begin PBXVariantGroup section */
		6346BC0520AF6D5B008D1B15 /* Main.storyboard */ = {
			isa = PBXVariantGroup;
			children = (
				6346BC0620AF6D5B008D1B15 /* Base */,
			);
			name = Main.storyboard;
			sourceTree = "<group>";
		};
		6346BC0A20AF6D5C008D1B15 /* LaunchScreen.storyboard */ = {
			isa = PBXVariantGroup;
			children = (
				6346BC0B20AF6D5C008D1B15 /* Base */,
			);
			name = LaunchScreen.storyboard;
			sourceTree = "<group>";
		};
/* End PBXVariantGroup section */

/* Begin XCBuildConfiguration section */
		6346BC0E20AF6D5C008D1B15 /* Debug */ = {
			isa = XCBuildConfiguration;
			buildSettings = {
				ALWAYS_SEARCH_USER_PATHS = NO;
				CLANG_ANALYZER_NONNULL = YES;
				CLANG_ANALYZER_NUMBER_OBJECT_CONVERSION = YES_AGGRESSIVE;
				CLANG_CXX_LANGUAGE_STANDARD = "gnu++14";
				CLANG_CXX_LIBRARY = "libc++";
				CLANG_ENABLE_MODULES = YES;
				CLANG_ENABLE_OBJC_ARC = YES;
				CLANG_ENABLE_OBJC_WEAK = YES;
				CLANG_WARN_BLOCK_CAPTURE_AUTORELEASING = YES;
				CLANG_WARN_BOOL_CONVERSION = YES;
				CLANG_WARN_COMMA = YES;
				CLANG_WARN_CONSTANT_CONVERSION = YES;
				CLANG_WARN_DEPRECATED_OBJC_IMPLEMENTATIONS = YES;
				CLANG_WARN_DIRECT_OBJC_ISA_USAGE = YES_ERROR;
				CLANG_WARN_DOCUMENTATION_COMMENTS = YES;
				CLANG_WARN_EMPTY_BODY = YES;
				CLANG_WARN_ENUM_CONVERSION = YES;
				CLANG_WARN_INFINITE_RECURSION = YES;
				CLANG_WARN_INT_CONVERSION = YES;
				CLANG_WARN_NON_LITERAL_NULL_CONVERSION = YES;
				CLANG_WARN_OBJC_IMPLICIT_RETAIN_SELF = YES;
				CLANG_WARN_OBJC_LITERAL_CONVERSION = YES;
				CLANG_WARN_OBJC_ROOT_CLASS = YES_ERROR;
				CLANG_WARN_RANGE_LOOP_ANALYSIS = YES;
				CLANG_WARN_STRICT_PROTOTYPES = YES;
				CLANG_WARN_SUSPICIOUS_MOVE = YES;
				CLANG_WARN_UNGUARDED_AVAILABILITY = YES_AGGRESSIVE;
				CLANG_WARN_UNREACHABLE_CODE = YES;
				CLANG_WARN__DUPLICATE_METHOD_MATCH = YES;
				CODE_SIGN_IDENTITY = "iPhone Developer";
				COPY_PHASE_STRIP = NO;
				DEBUG_INFORMATION_FORMAT = dwarf;
				ENABLE_STRICT_OBJC_MSGSEND = YES;
				ENABLE_TESTABILITY = YES;
				GCC_C_LANGUAGE_STANDARD = gnu11;
				GCC_DYNAMIC_NO_PIC = NO;
				GCC_NO_COMMON_BLOCKS = YES;
				GCC_OPTIMIZATION_LEVEL = 0;
				GCC_PREPROCESSOR_DEFINITIONS = (
					"DEBUG=1",
					"$(inherited)",
				);
				GCC_WARN_64_TO_32_BIT_CONVERSION = YES;
				GCC_WARN_ABOUT_RETURN_TYPE = YES_ERROR;
				GCC_WARN_UNDECLARED_SELECTOR = YES;
				GCC_WARN_UNINITIALIZED_AUTOS = YES_AGGRESSIVE;
				GCC_WARN_UNUSED_FUNCTION = YES;
				GCC_WARN_UNUSED_VARIABLE = YES;
				IPHONEOS_DEPLOYMENT_TARGET = 11.3;
				MTL_ENABLE_DEBUG_INFO = YES;
				ONLY_ACTIVE_ARCH = YES;
				SDKROOT = iphoneos;
				SWIFT_ACTIVE_COMPILATION_CONDITIONS = DEBUG;
				SWIFT_OPTIMIZATION_LEVEL = "-Onone";
			};
			name = Debug;
		};
		6346BC0F20AF6D5C008D1B15 /* Release */ = {
			isa = XCBuildConfiguration;
			buildSettings = {
				ALWAYS_SEARCH_USER_PATHS = NO;
				CLANG_ANALYZER_NONNULL = YES;
				CLANG_ANALYZER_NUMBER_OBJECT_CONVERSION = YES_AGGRESSIVE;
				CLANG_CXX_LANGUAGE_STANDARD = "gnu++14";
				CLANG_CXX_LIBRARY = "libc++";
				CLANG_ENABLE_MODULES = YES;
				CLANG_ENABLE_OBJC_ARC = YES;
				CLANG_ENABLE_OBJC_WEAK = YES;
				CLANG_WARN_BLOCK_CAPTURE_AUTORELEASING = YES;
				CLANG_WARN_BOOL_CONVERSION = YES;
				CLANG_WARN_COMMA = YES;
				CLANG_WARN_CONSTANT_CONVERSION = YES;
				CLANG_WARN_DEPRECATED_OBJC_IMPLEMENTATIONS = YES;
				CLANG_WARN_DIRECT_OBJC_ISA_USAGE = YES_ERROR;
				CLANG_WARN_DOCUMENTATION_COMMENTS = YES;
				CLANG_WARN_EMPTY_BODY = YES;
				CLANG_WARN_ENUM_CONVERSION = YES;
				CLANG_WARN_INFINITE_RECURSION = YES;
				CLANG_WARN_INT_CONVERSION = YES;
				CLANG_WARN_NON_LITERAL_NULL_CONVERSION = YES;
				CLANG_WARN_OBJC_IMPLICIT_RETAIN_SELF = YES;
				CLANG_WARN_OBJC_LITERAL_CONVERSION = YES;
				CLANG_WARN_OBJC_ROOT_CLASS = YES_ERROR;
				CLANG_WARN_RANGE_LOOP_ANALYSIS = YES;
				CLANG_WARN_STRICT_PROTOTYPES = YES;
				CLANG_WARN_SUSPICIOUS_MOVE = YES;
				CLANG_WARN_UNGUARDED_AVAILABILITY = YES_AGGRESSIVE;
				CLANG_WARN_UNREACHABLE_CODE = YES;
				CLANG_WARN__DUPLICATE_METHOD_MATCH = YES;
				CODE_SIGN_IDENTITY = "iPhone Developer";
				COPY_PHASE_STRIP = NO;
				DEBUG_INFORMATION_FORMAT = "dwarf-with-dsym";
				ENABLE_NS_ASSERTIONS = NO;
				ENABLE_STRICT_OBJC_MSGSEND = YES;
				GCC_C_LANGUAGE_STANDARD = gnu11;
				GCC_NO_COMMON_BLOCKS = YES;
				GCC_WARN_64_TO_32_BIT_CONVERSION = YES;
				GCC_WARN_ABOUT_RETURN_TYPE = YES_ERROR;
				GCC_WARN_UNDECLARED_SELECTOR = YES;
				GCC_WARN_UNINITIALIZED_AUTOS = YES_AGGRESSIVE;
				GCC_WARN_UNUSED_FUNCTION = YES;
				GCC_WARN_UNUSED_VARIABLE = YES;
				IPHONEOS_DEPLOYMENT_TARGET = 11.3;
				MTL_ENABLE_DEBUG_INFO = NO;
				SDKROOT = iphoneos;
				SWIFT_COMPILATION_MODE = wholemodule;
				SWIFT_OPTIMIZATION_LEVEL = "-O";
				VALIDATE_PRODUCT = YES;
			};
			name = Release;
		};
		6346BC1120AF6D5C008D1B15 /* Debug */ = {
			isa = XCBuildConfiguration;
			baseConfigurationReference = 684AD1E848F6020552FDBD3D /* Pods-URLSession:MultipartFD.debug.xcconfig */;
			buildSettings = {
				ASSETCATALOG_COMPILER_APPICON_NAME = AppIcon;
				CODE_SIGN_STYLE = Automatic;
				DEVELOPMENT_TEAM = 46JUG75CSR;
				INFOPLIST_FILE = "URLSession:MultipartFD/Info.plist";
				LD_RUNPATH_SEARCH_PATHS = (
					"$(inherited)",
					"@executable_path/Frameworks",
				);
				PRODUCT_BUNDLE_IDENTIFIER = "com.applinco.URLSession-MultipartFD";
				PRODUCT_NAME = "$(TARGET_NAME)";
				SWIFT_VERSION = 4.0;
				TARGETED_DEVICE_FAMILY = "1,2";
			};
			name = Debug;
		};
		6346BC1220AF6D5C008D1B15 /* Release */ = {
			isa = XCBuildConfiguration;
			baseConfigurationReference = 49ED1F4E0C26428C6419A939 /* Pods-URLSession:MultipartFD.release.xcconfig */;
			buildSettings = {
				ASSETCATALOG_COMPILER_APPICON_NAME = AppIcon;
				CODE_SIGN_STYLE = Automatic;
				DEVELOPMENT_TEAM = 46JUG75CSR;
				INFOPLIST_FILE = "URLSession:MultipartFD/Info.plist";
				LD_RUNPATH_SEARCH_PATHS = (
					"$(inherited)",
					"@executable_path/Frameworks",
				);
				PRODUCT_BUNDLE_IDENTIFIER = "com.applinco.URLSession-MultipartFD";
				PRODUCT_NAME = "$(TARGET_NAME)";
				SWIFT_VERSION = 4.0;
				TARGETED_DEVICE_FAMILY = "1,2";
			};
			name = Release;
		};
/* End XCBuildConfiguration section */

/* Begin XCConfigurationList section */
		6346BBF920AF6D5A008D1B15 /* Build configuration list for PBXProject "URLSession:MultipartFD" */ = {
			isa = XCConfigurationList;
			buildConfigurations = (
				6346BC0E20AF6D5C008D1B15 /* Debug */,
				6346BC0F20AF6D5C008D1B15 /* Release */,
			);
			defaultConfigurationIsVisible = 0;
			defaultConfigurationName = Release;
		};
		6346BC1020AF6D5C008D1B15 /* Build configuration list for PBXNativeTarget "URLSession:MultipartFD" */ = {
			isa = XCConfigurationList;
			buildConfigurations = (
				6346BC1120AF6D5C008D1B15 /* Debug */,
				6346BC1220AF6D5C008D1B15 /* Release */,
			);
			defaultConfigurationIsVisible = 0;
			defaultConfigurationName = Release;
		};
/* End XCConfigurationList section */
	};
	rootObject = 6346BBF620AF6D5A008D1B15 /* Project object */;
}
